<?xml version="1.0" encoding="utf-8"?>
<Project ToolsVersion="14.0" xmlns="http://schemas.microsoft.com/developer/msbuild/2003">
  <ItemGroup>
    <ClCompile Include="C:\Users\Jeffrey\Desktop\School\CPE 476\CPE476\Lab01\src\GLSL.cpp">
      <Filter>Source Files</Filter>
    </ClCompile>
    <ClCompile Include="C:\Users\Jeffrey\Desktop\School\CPE 476\CPE476\Lab01\src\MatrixStack.cpp">
      <Filter>Source Files</Filter>
    </ClCompile>
    <ClCompile Include="C:\Users\Jeffrey\Desktop\School\CPE 476\CPE476\Lab01\src\Program.cpp">
      <Filter>Source Files</Filter>
    </ClCompile>
    <ClCompile Include="C:\Users\Jeffrey\Desktop\School\CPE 476\CPE476\Lab01\src\Shape.cpp">
      <Filter>Source Files</Filter>
    </ClCompile>
    <ClCompile Include="C:\Users\Jeffrey\Desktop\School\CPE 476\CPE476\Lab01\src\camera.cpp">
      <Filter>Source Files</Filter>
    </ClCompile>
    <ClCompile Include="C:\Users\Jeffrey\Desktop\School\CPE 476\CPE476\Lab01\src\jsoncpp.cpp">
      <Filter>Source Files</Filter>
    </ClCompile>
    <ClCompile Include="C:\Users\Jeffrey\Desktop\School\CPE 476\CPE476\Lab01\src\main.cpp">
      <Filter>Source Files</Filter>
    </ClCompile>
    <ClCompile Include="C:\Users\Jeffrey\Desktop\School\CPE 476\CPE476\Lab01\src\place.cpp">
      <Filter>Source Files</Filter>
    </ClCompile>
    <ClCompile Include="C:\Users\Jeffrey\Desktop\School\CPE 476\CPE476\Lab01\src\stuff.cpp">
      <Filter>Source Files</Filter>
    </ClCompile>
    <ClCompile Include="C:\Users\Jeffrey\Desktop\School\CPE 476\CPE476\Lab01\src\thing.cpp">
      <Filter>Source Files</Filter>
    </ClCompile>
    <ClCompile Include="src\GameObj.cpp">
      <Filter>Source Files</Filter>
    </ClCompile>
    <ClCompile Include="src\BunnyGameObj.cpp">
      <Filter>Source Files</Filter>
    </ClCompile>
    <ClCompile Include="src\WorldObj.cpp">
      <Filter>Source Files</Filter>
    </ClCompile>
  </ItemGroup>
  <ItemGroup>
    <ClInclude Include="C:\Users\Jeffrey\Desktop\School\CPE 476\CPE476\Lab01\src\GLSL.h">
      <Filter>Header Files</Filter>
    </ClInclude>
    <ClInclude Include="C:\Users\Jeffrey\Desktop\School\CPE 476\CPE476\Lab01\src\MatrixStack.h">
      <Filter>Header Files</Filter>
    </ClInclude>
    <ClInclude Include="C:\Users\Jeffrey\Desktop\School\CPE 476\CPE476\Lab01\src\Program.h">
      <Filter>Header Files</Filter>
    </ClInclude>
    <ClInclude Include="C:\Users\Jeffrey\Desktop\School\CPE 476\CPE476\Lab01\src\Shape.h">
      <Filter>Header Files</Filter>
    </ClInclude>
    <ClInclude Include="C:\Users\Jeffrey\Desktop\School\CPE 476\CPE476\Lab01\src\camera.h">
      <Filter>Header Files</Filter>
    </ClInclude>
    <ClInclude Include="C:\Users\Jeffrey\Desktop\School\CPE 476\CPE476\Lab01\src\json\json-forwards.h">
      <Filter>Header Files</Filter>
    </ClInclude>
    <ClInclude Include="C:\Users\Jeffrey\Desktop\School\CPE 476\CPE476\Lab01\src\json\json.h">
      <Filter>Header Files</Filter>
    </ClInclude>
    <ClInclude Include="C:\Users\Jeffrey\Desktop\School\CPE 476\CPE476\Lab01\src\place.h">
      <Filter>Header Files</Filter>
    </ClInclude>
    <ClInclude Include="C:\Users\Jeffrey\Desktop\School\CPE 476\CPE476\Lab01\src\stuff.h">
      <Filter>Header Files</Filter>
    </ClInclude>
    <ClInclude Include="C:\Users\Jeffrey\Desktop\School\CPE 476\CPE476\Lab01\src\thing.h">
      <Filter>Header Files</Filter>
    </ClInclude>
    <ClInclude Include="C:\Users\Jeffrey\Desktop\School\CPE 476\CPE476\Lab01\src\tiny_obj_loader.h">
      <Filter>Header Files</Filter>
    </ClInclude>
    <ClInclude Include="resource.h" />
    <ClInclude Include="src\GameObj.h">
      <Filter>Header Files</Filter>
    </ClInclude>
    <ClInclude Include="src\BunnyGameObj.h">
      <Filter>Header Files</Filter>
    </ClInclude>
    <ClInclude Include="src\WorldObj.h">
      <Filter>Header Files</Filter>
    </ClInclude>
  </ItemGroup>
  <ItemGroup>
    <CustomBuild Include="C:\Users\Jeffrey\Desktop\School\CPE 476\CPE476\Lab01\CMakeLists.txt" />
  </ItemGroup>
  <ItemGroup>
    <None Include="C:\Users\Jeffrey\Desktop\School\CPE 476\CPE476\Lab01\resources\simple_frag.glsl" />
    <None Include="C:\Users\Jeffrey\Desktop\School\CPE 476\CPE476\Lab01\resources\simple_vert.glsl" />
  </ItemGroup>
  <ItemGroup>
    <Filter Include="Source Files">
      <UniqueIdentifier>{B03D42A6-B92C-36A3-98EF-0C99AE4496F3}</UniqueIdentifier>
    </Filter>
    <Filter Include="Header Files">
      <UniqueIdentifier>{4D6D04C6-659C-3680-844D-4C4BBAD122DF}</UniqueIdentifier>
    </Filter>
  </ItemGroup>
  <ItemGroup>
    <ResourceCompile Include="Lab01.rc" />
  </ItemGroup>
</Project>