Microsoft Visual Studio Solution File, Format Version 12.00
# Visual Studio 14
Project("{2150E333-8FDC-42A3-9474-1A3956D46DE8}") = "CMakePredefinedTargets", "CMakePredefinedTargets", "{B8FABD45-6621-3C7D-A543-11CA23976A02}"
EndProject
Project("{2150E333-8FDC-42A3-9474-1A3956D46DE8}") = "GLFW3", "GLFW3", "{9643FC1C-8BFC-37DA-8AAF-18EFB094DC85}"
EndProject
Project("{8BC9CEB8-8B4A-11D0-8D11-00A0C91BC942}") = "ALL_BUILD", "ALL_BUILD.vcxproj", "{A4064AF7-8FFC-33BD-B407-D3ADF653585C}"
	ProjectSection(ProjectDependencies) = postProject
		{65AA2B24-6989-37D9-AEFE-2E5105613F97} = {65AA2B24-6989-37D9-AEFE-2E5105613F97}
		{D6C08ECE-506C-3EC7-8D83-9FF224E298AF} = {D6C08ECE-506C-3EC7-8D83-9FF224E298AF}
		{79E6B52A-6315-339E-8BCC-DD74A2544511} = {79E6B52A-6315-339E-8BCC-DD74A2544511}
	EndProjectSection
EndProject
Project("{8BC9CEB8-8B4A-11D0-8D11-00A0C91BC942}") = "INSTALL", "INSTALL.vcxproj", "{E4B3B3BC-7EE0-3CE2-A9E8-31516BFB5EC9}"
	ProjectSection(ProjectDependencies) = postProject
		{A4064AF7-8FFC-33BD-B407-D3ADF653585C} = {A4064AF7-8FFC-33BD-B407-D3ADF653585C}
		{D6C08ECE-506C-3EC7-8D83-9FF224E298AF} = {D6C08ECE-506C-3EC7-8D83-9FF224E298AF}
	EndProjectSection
EndProject
Project("{8BC9CEB8-8B4A-11D0-8D11-00A0C91BC942}") = "Lab01", "Lab01.vcxproj", "{65AA2B24-6989-37D9-AEFE-2E5105613F97}"
	ProjectSection(ProjectDependencies) = postProject
		{D6C08ECE-506C-3EC7-8D83-9FF224E298AF} = {D6C08ECE-506C-3EC7-8D83-9FF224E298AF}
		{79E6B52A-6315-339E-8BCC-DD74A2544511} = {79E6B52A-6315-339E-8BCC-DD74A2544511}
	EndProjectSection
EndProject
Project("{8BC9CEB8-8B4A-11D0-8D11-00A0C91BC942}") = "ZERO_CHECK", "ZERO_CHECK.vcxproj", "{D6C08ECE-506C-3EC7-8D83-9FF224E298AF}"
	ProjectSection(ProjectDependencies) = postProject
	EndProjectSection
EndProject
Project("{8BC9CEB8-8B4A-11D0-8D11-00A0C91BC942}") = "glfw", "C:\lib\glfw\debug\src\glfw.vcxproj", "{79E6B52A-6315-339E-8BCC-DD74A2544511}"
	ProjectSection(ProjectDependencies) = postProject
		{D6C08ECE-506C-3EC7-8D83-9FF224E298AF} = {D6C08ECE-506C-3EC7-8D83-9FF224E298AF}
	EndProjectSection
EndProject
Project("{8BC9CEB8-8B4A-11D0-8D11-00A0C91BC942}") = "uninstall", "C:\lib\glfw\debug\uninstall.vcxproj", "{355B04E9-E0B2-37E9-85D7-AE6A3B968BBA}"
	ProjectSection(ProjectDependencies) = postProject
		{D6C08ECE-506C-3EC7-8D83-9FF224E298AF} = {D6C08ECE-506C-3EC7-8D83-9FF224E298AF}
	EndProjectSection
EndProject
Global
	GlobalSection(SolutionConfigurationPlatforms) = preSolution
		Debug|Win32 = Debug|Win32
		Release|Win32 = Release|Win32
		MinSizeRel|Win32 = MinSizeRel|Win32
		RelWithDebInfo|Win32 = RelWithDebInfo|Win32
	EndGlobalSection
	GlobalSection(ProjectConfigurationPlatforms) = postSolution
		{A4064AF7-8FFC-33BD-B407-D3ADF653585C}.Debug|Win32.ActiveCfg = Debug|Win32
		{A4064AF7-8FFC-33BD-B407-D3ADF653585C}.Debug|Win32.Build.0 = Debug|Win32
		{A4064AF7-8FFC-33BD-B407-D3ADF653585C}.Release|Win32.ActiveCfg = Release|Win32
		{A4064AF7-8FFC-33BD-B407-D3ADF653585C}.Release|Win32.Build.0 = Release|Win32
		{A4064AF7-8FFC-33BD-B407-D3ADF653585C}.MinSizeRel|Win32.ActiveCfg = MinSizeRel|Win32
		{A4064AF7-8FFC-33BD-B407-D3ADF653585C}.MinSizeRel|Win32.Build.0 = MinSizeRel|Win32
		{A4064AF7-8FFC-33BD-B407-D3ADF653585C}.RelWithDebInfo|Win32.ActiveCfg = RelWithDebInfo|Win32
		{A4064AF7-8FFC-33BD-B407-D3ADF653585C}.RelWithDebInfo|Win32.Build.0 = RelWithDebInfo|Win32
		{E4B3B3BC-7EE0-3CE2-A9E8-31516BFB5EC9}.Debug|Win32.ActiveCfg = Debug|Win32
		{E4B3B3BC-7EE0-3CE2-A9E8-31516BFB5EC9}.Release|Win32.ActiveCfg = Release|Win32
		{E4B3B3BC-7EE0-3CE2-A9E8-31516BFB5EC9}.MinSizeRel|Win32.ActiveCfg = MinSizeRel|Win32
		{E4B3B3BC-7EE0-3CE2-A9E8-31516BFB5EC9}.RelWithDebInfo|Win32.ActiveCfg = RelWithDebInfo|Win32
		{65AA2B24-6989-37D9-AEFE-2E5105613F97}.Debug|Win32.ActiveCfg = Debug|Win32
		{65AA2B24-6989-37D9-AEFE-2E5105613F97}.Debug|Win32.Build.0 = Debug|Win32
		{65AA2B24-6989-37D9-AEFE-2E5105613F97}.Release|Win32.ActiveCfg = Release|Win32
		{65AA2B24-6989-37D9-AEFE-2E5105613F97}.Release|Win32.Build.0 = Release|Win32
		{65AA2B24-6989-37D9-AEFE-2E5105613F97}.MinSizeRel|Win32.ActiveCfg = MinSizeRel|Win32
		{65AA2B24-6989-37D9-AEFE-2E5105613F97}.MinSizeRel|Win32.Build.0 = MinSizeRel|Win32
		{65AA2B24-6989-37D9-AEFE-2E5105613F97}.RelWithDebInfo|Win32.ActiveCfg = RelWithDebInfo|Win32
		{65AA2B24-6989-37D9-AEFE-2E5105613F97}.RelWithDebInfo|Win32.Build.0 = RelWithDebInfo|Win32
		{D6C08ECE-506C-3EC7-8D83-9FF224E298AF}.Debug|Win32.ActiveCfg = Debug|Win32
		{D6C08ECE-506C-3EC7-8D83-9FF224E298AF}.Debug|Win32.Build.0 = Debug|Win32
		{D6C08ECE-506C-3EC7-8D83-9FF224E298AF}.Release|Win32.ActiveCfg = Release|Win32
		{D6C08ECE-506C-3EC7-8D83-9FF224E298AF}.Release|Win32.Build.0 = Release|Win32
		{D6C08ECE-506C-3EC7-8D83-9FF224E298AF}.MinSizeRel|Win32.ActiveCfg = MinSizeRel|Win32
		{D6C08ECE-506C-3EC7-8D83-9FF224E298AF}.MinSizeRel|Win32.Build.0 = MinSizeRel|Win32
		{D6C08ECE-506C-3EC7-8D83-9FF224E298AF}.RelWithDebInfo|Win32.ActiveCfg = RelWithDebInfo|Win32
		{D6C08ECE-506C-3EC7-8D83-9FF224E298AF}.RelWithDebInfo|Win32.Build.0 = RelWithDebInfo|Win32
		{79E6B52A-6315-339E-8BCC-DD74A2544511}.Debug|Win32.ActiveCfg = Debug|Win32
		{79E6B52A-6315-339E-8BCC-DD74A2544511}.Debug|Win32.Build.0 = Debug|Win32
		{79E6B52A-6315-339E-8BCC-DD74A2544511}.Release|Win32.ActiveCfg = Release|Win32
		{79E6B52A-6315-339E-8BCC-DD74A2544511}.Release|Win32.Build.0 = Release|Win32
		{79E6B52A-6315-339E-8BCC-DD74A2544511}.MinSizeRel|Win32.ActiveCfg = MinSizeRel|Win32
		{79E6B52A-6315-339E-8BCC-DD74A2544511}.MinSizeRel|Win32.Build.0 = MinSizeRel|Win32
		{79E6B52A-6315-339E-8BCC-DD74A2544511}.RelWithDebInfo|Win32.ActiveCfg = RelWithDebInfo|Win32
		{79E6B52A-6315-339E-8BCC-DD74A2544511}.RelWithDebInfo|Win32.Build.0 = RelWithDebInfo|Win32
		{355B04E9-E0B2-37E9-85D7-AE6A3B968BBA}.Debug|Win32.ActiveCfg = Debug|Win32
		{355B04E9-E0B2-37E9-85D7-AE6A3B968BBA}.Release|Win32.ActiveCfg = Release|Win32
		{355B04E9-E0B2-37E9-85D7-AE6A3B968BBA}.MinSizeRel|Win32.ActiveCfg = MinSizeRel|Win32
		{355B04E9-E0B2-37E9-85D7-AE6A3B968BBA}.RelWithDebInfo|Win32.ActiveCfg = RelWithDebInfo|Win32
	EndGlobalSection
	GlobalSection(NestedProjects) = preSolution
		{A4064AF7-8FFC-33BD-B407-D3ADF653585C} = {B8FABD45-6621-3C7D-A543-11CA23976A02}
		{E4B3B3BC-7EE0-3CE2-A9E8-31516BFB5EC9} = {B8FABD45-6621-3C7D-A543-11CA23976A02}
		{D6C08ECE-506C-3EC7-8D83-9FF224E298AF} = {B8FABD45-6621-3C7D-A543-11CA23976A02}
		{79E6B52A-6315-339E-8BCC-DD74A2544511} = {9643FC1C-8BFC-37DA-8AAF-18EFB094DC85}
	EndGlobalSection
	GlobalSection(ExtensibilityGlobals) = postSolution
	EndGlobalSection
	GlobalSection(ExtensibilityAddIns) = postSolution
	EndGlobalSection
EndGlobal
