<?xml version="1.0" encoding="UTF-8"?>
<Project ToolsVersion="14.0" xmlns="http://schemas.microsoft.com/developer/msbuild/2003">
  <ItemGroup>
    <CustomBuild Include="C:\Users\Jeffrey\Desktop\School\CPE 476\CPE476\Lab01\CMakeFiles\10ee31e863a53a6e0a9b24f407dbcee4\generate.stamp.rule">
      <Filter>CMake Rules</Filter>
    </CustomBuild>
  </ItemGroup>
  <ItemGroup>
    <Filter Include="CMake Rules">
      <UniqueIdentifier>{839921CF-4260-3554-A14F-93B5316742B5}</UniqueIdentifier>
    </Filter>
  </ItemGroup>
</Project>
